
Microsoft Visual Studio Solution File, Format Version 12.00
# Visual Studio Version 16
VisualStudioVersion = 16.0.29503.13
MinimumVisualStudioVersion = 10.0.40219.1
Project("{FAE04EC0-301F-11D3-BF4B-00C04F79EFBC}") = "wordBinary", "wordBinary.csproj", "{6103A3D8-DFEA-4B2D-9A97-617DAD51C900}"
EndProject
Global
	GlobalSection(SolutionConfigurationPlatforms) = preSolution
		Debug|Any CPU = Debug|Any CPU
		Release|Any CPU = Release|Any CPU
	EndGlobalSection
	GlobalSection(ProjectConfigurationPlatforms) = postSolution
		{6103A3D8-DFEA-4B2D-9A97-617DAD51C900}.Debug|Any CPU.ActiveCfg = Debug|Any CPU
		{6103A3D8-DFEA-4B2D-9A97-617DAD51C900}.Debug|Any CPU.Build.0 = Debug|Any CPU
		{6103A3D8-DFEA-4B2D-9A97-617DAD51C900}.Release|Any CPU.ActiveCfg = Release|Any CPU
		{6103A3D8-DFEA-4B2D-9A97-617DAD51C900}.Release|Any CPU.Build.0 = Release|Any CPU
	EndGlobalSection
	GlobalSection(SolutionProperties) = preSolution
		HideSolutionNode = FALSE
	EndGlobalSection
	GlobalSection(ExtensibilityGlobals) = postSolution
		SolutionGuid = {53386B50-6B91-4C2F-AEC3-06015AFC7F41}
	EndGlobalSection
EndGlobal
